
Microsoft Visual Studio Solution File, Format Version 12.00
# Visual Studio Version 16
VisualStudioVersion = 16.0.29418.71
MinimumVisualStudioVersion = 10.0.40219.1
Project("{FAE04EC0-301F-11D3-BF4B-00C04F79EFBC}") = "TargetSum", "TargetSum\TargetSum.csproj", "{D7D6F689-016D-46CC-B6AE-0B2231C709FE}"
EndProject
Global
	GlobalSection(SolutionConfigurationPlatforms) = preSolution
		Debug|Any CPU = Debug|Any CPU
		Release|Any CPU = Release|Any CPU
	EndGlobalSection
	GlobalSection(ProjectConfigurationPlatforms) = postSolution
		{D7D6F689-016D-46CC-B6AE-0B2231C709FE}.Debug|Any CPU.ActiveCfg = Debug|Any CPU
		{D7D6F689-016D-46CC-B6AE-0B2231C709FE}.Debug|Any CPU.Build.0 = Debug|Any CPU
		{D7D6F689-016D-46CC-B6AE-0B2231C709FE}.Release|Any CPU.ActiveCfg = Release|Any CPU
		{D7D6F689-016D-46CC-B6AE-0B2231C709FE}.Release|Any CPU.Build.0 = Release|Any CPU
	EndGlobalSection
	GlobalSection(SolutionProperties) = preSolution
		HideSolutionNode = FALSE
	EndGlobalSection
	GlobalSection(ExtensibilityGlobals) = postSolution
		SolutionGuid = {331546E8-293C-423C-911D-44B4E6992231}
	EndGlobalSection
EndGlobal
